// !$*UTF8*$!
{
	archiveVersion = 1;
	classes = {
	};
	objectVersion = 51;
	objects = {

/* Begin PBXBuildFile section */
		B314D56B17FF352B7A6DC8A0 /* Pods_Pryaniky.framework in Frameworks */ = {isa = PBXBuildFile; fileRef = 6641288904F411C70D1BC4E4 /* Pods_Pryaniky.framework */; };
		CE1F958125CBD1E5005098CC /* ViewModel.swift in Sources */ = {isa = PBXBuildFile; fileRef = CE1F958025CBD1E5005098CC /* ViewModel.swift */; };
		CE1F958325CBDF44005098CC /* ViewModelType.swift in Sources */ = {isa = PBXBuildFile; fileRef = CE1F958225CBDF44005098CC /* ViewModelType.swift */; };
		CE1F958525CBE355005098CC /* ApiResponse.swift in Sources */ = {isa = PBXBuildFile; fileRef = CE1F958425CBE355005098CC /* ApiResponse.swift */; };
		CE1F958725CBE3D6005098CC /* NetworkManager.swift in Sources */ = {isa = PBXBuildFile; fileRef = CE1F958625CBE3D6005098CC /* NetworkManager.swift */; };
		CE1F958925CBF3C6005098CC /* CellViewModelType.swift in Sources */ = {isa = PBXBuildFile; fileRef = CE1F958825CBF3C6005098CC /* CellViewModelType.swift */; };
		CE1F958B25CBF45B005098CC /* CellViewModel.swift in Sources */ = {isa = PBXBuildFile; fileRef = CE1F958A25CBF45B005098CC /* CellViewModel.swift */; };
		CE1F958F25CC0619005098CC /* HZViewCell.swift in Sources */ = {isa = PBXBuildFile; fileRef = CE1F958E25CC0619005098CC /* HZViewCell.swift */; };
		CE1F959125CC12DC005098CC /* SelectorTableViewCell.swift in Sources */ = {isa = PBXBuildFile; fileRef = CE1F959025CC12DC005098CC /* SelectorTableViewCell.swift */; };
		CE1F959325CC137E005098CC /* PictureTableViewCell.swift in Sources */ = {isa = PBXBuildFile; fileRef = CE1F959225CC137E005098CC /* PictureTableViewCell.swift */; };
		CE2314FB25CBC5CC005EBF76 /* AppDelegate.swift in Sources */ = {isa = PBXBuildFile; fileRef = CE2314FA25CBC5CC005EBF76 /* AppDelegate.swift */; };
		CE2314FF25CBC5CC005EBF76 /* ViewController.swift in Sources */ = {isa = PBXBuildFile; fileRef = CE2314FE25CBC5CC005EBF76 /* ViewController.swift */; };
		CE23150225CBC5CC005EBF76 /* Main.storyboard in Resources */ = {isa = PBXBuildFile; fileRef = CE23150025CBC5CC005EBF76 /* Main.storyboard */; };
		CE23150425CBC5CD005EBF76 /* Assets.xcassets in Resources */ = {isa = PBXBuildFile; fileRef = CE23150325CBC5CD005EBF76 /* Assets.xcassets */; };
		CE23150725CBC5CD005EBF76 /* LaunchScreen.storyboard in Resources */ = {isa = PBXBuildFile; fileRef = CE23150525CBC5CD005EBF76 /* LaunchScreen.storyboard */; };
/* End PBXBuildFile section */

/* Begin PBXFileReference section */
		6641288904F411C70D1BC4E4 /* Pods_Pryaniky.framework */ = {isa = PBXFileReference; explicitFileType = wrapper.framework; includeInIndex = 0; path = Pods_Pryaniky.framework; sourceTree = BUILT_PRODUCTS_DIR; };
		7DE2652B6CDD9F453E0E58CB /* Pods-Pryaniky.release.xcconfig */ = {isa = PBXFileReference; includeInIndex = 1; lastKnownFileType = text.xcconfig; name = "Pods-Pryaniky.release.xcconfig"; path = "Target Support Files/Pods-Pryaniky/Pods-Pryaniky.release.xcconfig"; sourceTree = "<group>"; };
		B9A416879844A69BB4210EB3 /* Pods-Pryaniky.debug.xcconfig */ = {isa = PBXFileReference; includeInIndex = 1; lastKnownFileType = text.xcconfig; name = "Pods-Pryaniky.debug.xcconfig"; path = "Target Support Files/Pods-Pryaniky/Pods-Pryaniky.debug.xcconfig"; sourceTree = "<group>"; };
		CE1F958025CBD1E5005098CC /* ViewModel.swift */ = {isa = PBXFileReference; lastKnownFileType = sourcecode.swift; path = ViewModel.swift; sourceTree = "<group>"; };
		CE1F958225CBDF44005098CC /* ViewModelType.swift */ = {isa = PBXFileReference; lastKnownFileType = sourcecode.swift; path = ViewModelType.swift; sourceTree = "<group>"; };
		CE1F958425CBE355005098CC /* ApiResponse.swift */ = {isa = PBXFileReference; lastKnownFileType = sourcecode.swift; path = ApiResponse.swift; sourceTree = "<group>"; };
		CE1F958625CBE3D6005098CC /* NetworkManager.swift */ = {isa = PBXFileReference; lastKnownFileType = sourcecode.swift; path = NetworkManager.swift; sourceTree = "<group>"; };
		CE1F958825CBF3C6005098CC /* CellViewModelType.swift */ = {isa = PBXFileReference; lastKnownFileType = sourcecode.swift; path = CellViewModelType.swift; sourceTree = "<group>"; };
		CE1F958A25CBF45B005098CC /* CellViewModel.swift */ = {isa = PBXFileReference; lastKnownFileType = sourcecode.swift; path = CellViewModel.swift; sourceTree = "<group>"; };
		CE1F958E25CC0619005098CC /* HZViewCell.swift */ = {isa = PBXFileReference; lastKnownFileType = sourcecode.swift; path = HZViewCell.swift; sourceTree = "<group>"; };
		CE1F959025CC12DC005098CC /* SelectorTableViewCell.swift */ = {isa = PBXFileReference; lastKnownFileType = sourcecode.swift; path = SelectorTableViewCell.swift; sourceTree = "<group>"; };
		CE1F959225CC137E005098CC /* PictureTableViewCell.swift */ = {isa = PBXFileReference; lastKnownFileType = sourcecode.swift; path = PictureTableViewCell.swift; sourceTree = "<group>"; };
		CE2314F725CBC5CC005EBF76 /* Pryaniky.app */ = {isa = PBXFileReference; explicitFileType = wrapper.application; includeInIndex = 0; path = Pryaniky.app; sourceTree = BUILT_PRODUCTS_DIR; };
		CE2314FA25CBC5CC005EBF76 /* AppDelegate.swift */ = {isa = PBXFileReference; lastKnownFileType = sourcecode.swift; path = AppDelegate.swift; sourceTree = "<group>"; };
		CE2314FE25CBC5CC005EBF76 /* ViewController.swift */ = {isa = PBXFileReference; lastKnownFileType = sourcecode.swift; path = ViewController.swift; sourceTree = "<group>"; };
		CE23150125CBC5CC005EBF76 /* Base */ = {isa = PBXFileReference; lastKnownFileType = file.storyboard; name = Base; path = Base.lproj/Main.storyboard; sourceTree = "<group>"; };
		CE23150325CBC5CD005EBF76 /* Assets.xcassets */ = {isa = PBXFileReference; lastKnownFileType = folder.assetcatalog; path = Assets.xcassets; sourceTree = "<group>"; };
		CE23150625CBC5CD005EBF76 /* Base */ = {isa = PBXFileReference; lastKnownFileType = file.storyboard; name = Base; path = Base.lproj/LaunchScreen.storyboard; sourceTree = "<group>"; };
		CE23150825CBC5CD005EBF76 /* Info.plist */ = {isa = PBXFileReference; lastKnownFileType = text.plist.xml; path = Info.plist; sourceTree = "<group>"; };
		CEF545AD25CD4AED0048EC97 /* README.md */ = {isa = PBXFileReference; lastKnownFileType = net.daringfireball.markdown; path = README.md; sourceTree = "<group>"; };
/* End PBXFileReference section */

/* Begin PBXFrameworksBuildPhase section */
		CE2314F425CBC5CB005EBF76 /* Frameworks */ = {
			isa = PBXFrameworksBuildPhase;
			buildActionMask = 2147483647;
			files = (
				B314D56B17FF352B7A6DC8A0 /* Pods_Pryaniky.framework in Frameworks */,
			);
			runOnlyForDeploymentPostprocessing = 0;
		};
/* End PBXFrameworksBuildPhase section */

/* Begin PBXGroup section */
		67546E67F38880EC23652C90 /* Pods */ = {
			isa = PBXGroup;
			children = (
				B9A416879844A69BB4210EB3 /* Pods-Pryaniky.debug.xcconfig */,
				7DE2652B6CDD9F453E0E58CB /* Pods-Pryaniky.release.xcconfig */,
			);
			path = Pods;
			sourceTree = "<group>";
		};
		CE2314EE25CBC5CB005EBF76 = {
			isa = PBXGroup;
			children = (
				CEF545AD25CD4AED0048EC97 /* README.md */,
				CE2314F925CBC5CC005EBF76 /* Pryaniky */,
				CE2314F825CBC5CC005EBF76 /* Products */,
				67546E67F38880EC23652C90 /* Pods */,
				DFD67B6196D207CE98014B97 /* Frameworks */,
			);
			sourceTree = "<group>";
		};
		CE2314F825CBC5CC005EBF76 /* Products */ = {
			isa = PBXGroup;
			children = (
				CE2314F725CBC5CC005EBF76 /* Pryaniky.app */,
			);
			name = Products;
			sourceTree = "<group>";
		};
		CE2314F925CBC5CC005EBF76 /* Pryaniky */ = {
			isa = PBXGroup;
			children = (
				CE2314FA25CBC5CC005EBF76 /* AppDelegate.swift */,
				CE23151025CBCD9E005EBF76 /* ViewModel */,
				CE23151125CBCDA6005EBF76 /* Protolocs */,
				CE23151225CBCDB1005EBF76 /* Model */,
				CE23151325CBCDC5005EBF76 /* View */,
				CE23150025CBC5CC005EBF76 /* Main.storyboard */,
				CE23150325CBC5CD005EBF76 /* Assets.xcassets */,
				CE23150525CBC5CD005EBF76 /* LaunchScreen.storyboard */,
				CE23150825CBC5CD005EBF76 /* Info.plist */,
			);
			path = Pryaniky;
			sourceTree = "<group>";
		};
		CE23151025CBCD9E005EBF76 /* ViewModel */ = {
			isa = PBXGroup;
			children = (
				CE1F958025CBD1E5005098CC /* ViewModel.swift */,
				CE1F958A25CBF45B005098CC /* CellViewModel.swift */,
			);
			path = ViewModel;
			sourceTree = "<group>";
		};
		CE23151125CBCDA6005EBF76 /* Protolocs */ = {
			isa = PBXGroup;
			children = (
				CE1F958225CBDF44005098CC /* ViewModelType.swift */,
				CE1F958825CBF3C6005098CC /* CellViewModelType.swift */,
			);
			path = Protolocs;
			sourceTree = "<group>";
		};
		CE23151225CBCDB1005EBF76 /* Model */ = {
			isa = PBXGroup;
			children = (
				CE1F958425CBE355005098CC /* ApiResponse.swift */,
				CE1F958625CBE3D6005098CC /* NetworkManager.swift */,
			);
			path = Model;
			sourceTree = "<group>";
		};
		CE23151325CBCDC5005EBF76 /* View */ = {
			isa = PBXGroup;
			children = (
				CE2314FE25CBC5CC005EBF76 /* ViewController.swift */,
				CE1F958E25CC0619005098CC /* HZViewCell.swift */,
				CE1F959025CC12DC005098CC /* SelectorTableViewCell.swift */,
				CE1F959225CC137E005098CC /* PictureTableViewCell.swift */,
			);
			path = View;
			sourceTree = "<group>";
		};
		DFD67B6196D207CE98014B97 /* Frameworks */ = {
			isa = PBXGroup;
			children = (
				6641288904F411C70D1BC4E4 /* Pods_Pryaniky.framework */,
			);
			name = Frameworks;
			sourceTree = "<group>";
		};
/* End PBXGroup section */

/* Begin PBXNativeTarget section */
		CE2314F625CBC5CB005EBF76 /* Pryaniky */ = {
			isa = PBXNativeTarget;
			buildConfigurationList = CE23150B25CBC5CD005EBF76 /* Build configuration list for PBXNativeTarget "Pryaniky" */;
			buildPhases = (
				E6C7E7D92DD6D3D7A1B218ED /* [CP] Check Pods Manifest.lock */,
				CE2314F325CBC5CB005EBF76 /* Sources */,
				CE2314F425CBC5CB005EBF76 /* Frameworks */,
				CE2314F525CBC5CB005EBF76 /* Resources */,
				1656405FFDFE9F15B59EE350 /* [CP] Embed Pods Frameworks */,
			);
			buildRules = (
			);
			dependencies = (
			);
			name = Pryaniky;
			productName = Pryaniky;
			productReference = CE2314F725CBC5CC005EBF76 /* Pryaniky.app */;
			productType = "com.apple.product-type.application";
		};
/* End PBXNativeTarget section */

/* Begin PBXProject section */
		CE2314EF25CBC5CB005EBF76 /* Project object */ = {
			isa = PBXProject;
			attributes = {
				LastSwiftUpdateCheck = 1130;
				LastUpgradeCheck = 1130;
				ORGANIZATIONNAME = "Artem Ulko";
				TargetAttributes = {
					CE2314F625CBC5CB005EBF76 = {
						CreatedOnToolsVersion = 11.3.1;
					};
				};
			};
			buildConfigurationList = CE2314F225CBC5CB005EBF76 /* Build configuration list for PBXProject "Pryaniky" */;
			compatibilityVersion = "Xcode 9.3";
			developmentRegion = en;
			hasScannedForEncodings = 0;
			knownRegions = (
				en,
				Base,
			);
			mainGroup = CE2314EE25CBC5CB005EBF76;
			productRefGroup = CE2314F825CBC5CC005EBF76 /* Products */;
			projectDirPath = "";
			projectRoot = "";
			targets = (
				CE2314F625CBC5CB005EBF76 /* Pryaniky */,
			);
		};
/* End PBXProject section */

/* Begin PBXResourcesBuildPhase section */
		CE2314F525CBC5CB005EBF76 /* Resources */ = {
			isa = PBXResourcesBuildPhase;
			buildActionMask = 2147483647;
			files = (
				CE23150725CBC5CD005EBF76 /* LaunchScreen.storyboard in Resources */,
				CE23150425CBC5CD005EBF76 /* Assets.xcassets in Resources */,
				CE23150225CBC5CC005EBF76 /* Main.storyboard in Resources */,
			);
			runOnlyForDeploymentPostprocessing = 0;
		};
/* End PBXResourcesBuildPhase section */

/* Begin PBXShellScriptBuildPhase section */
		1656405FFDFE9F15B59EE350 /* [CP] Embed Pods Frameworks */ = {
			isa = PBXShellScriptBuildPhase;
			buildActionMask = 2147483647;
			files = (
			);
			inputFileListPaths = (
				"${PODS_ROOT}/Target Support Files/Pods-Pryaniky/Pods-Pryaniky-frameworks-${CONFIGURATION}-input-files.xcfilelist",
			);
			name = "[CP] Embed Pods Frameworks";
			outputFileListPaths = (
				"${PODS_ROOT}/Target Support Files/Pods-Pryaniky/Pods-Pryaniky-frameworks-${CONFIGURATION}-output-files.xcfilelist",
			);
			runOnlyForDeploymentPostprocessing = 0;
			shellPath = /bin/sh;
			shellScript = "\"${PODS_ROOT}/Target Support Files/Pods-Pryaniky/Pods-Pryaniky-frameworks.sh\"\n";
			showEnvVarsInLog = 0;
		};
		E6C7E7D92DD6D3D7A1B218ED /* [CP] Check Pods Manifest.lock */ = {
			isa = PBXShellScriptBuildPhase;
			buildActionMask = 2147483647;
			files = (
			);
			inputFileListPaths = (
			);
			inputPaths = (
				"${PODS_PODFILE_DIR_PATH}/Podfile.lock",
				"${PODS_ROOT}/Manifest.lock",
			);
			name = "[CP] Check Pods Manifest.lock";
			outputFileListPaths = (
			);
			outputPaths = (
				"$(DERIVED_FILE_DIR)/Pods-Pryaniky-checkManifestLockResult.txt",
			);
			runOnlyForDeploymentPostprocessing = 0;
			shellPath = /bin/sh;
			shellScript = "diff \"${PODS_PODFILE_DIR_PATH}/Podfile.lock\" \"${PODS_ROOT}/Manifest.lock\" > /dev/null\nif [ $? != 0 ] ; then\n    # print error to STDERR\n    echo \"error: The sandbox is not in sync with the Podfile.lock. Run 'pod install' or update your CocoaPods installation.\" >&2\n    exit 1\nfi\n# This output is used by Xcode 'outputs' to avoid re-running this script phase.\necho \"SUCCESS\" > \"${SCRIPT_OUTPUT_FILE_0}\"\n";
			showEnvVarsInLog = 0;
		};
/* End PBXShellScriptBuildPhase section */

/* Begin PBXSourcesBuildPhase section */
		CE2314F325CBC5CB005EBF76 /* Sources */ = {
			isa = PBXSourcesBuildPhase;
			buildActionMask = 2147483647;
			files = (
				CE1F958725CBE3D6005098CC /* NetworkManager.swift in Sources */,
				CE1F958325CBDF44005098CC /* ViewModelType.swift in Sources */,
				CE1F959125CC12DC005098CC /* SelectorTableViewCell.swift in Sources */,
				CE1F958F25CC0619005098CC /* HZViewCell.swift in Sources */,
				CE1F958B25CBF45B005098CC /* CellViewModel.swift in Sources */,
				CE2314FF25CBC5CC005EBF76 /* ViewController.swift in Sources */,
				CE1F958125CBD1E5005098CC /* ViewModel.swift in Sources */,
				CE1F958525CBE355005098CC /* ApiResponse.swift in Sources */,
				CE2314FB25CBC5CC005EBF76 /* AppDelegate.swift in Sources */,
				CE1F959325CC137E005098CC /* PictureTableViewCell.swift in Sources */,
				CE1F958925CBF3C6005098CC /* CellViewModelType.swift in Sources */,
			);
			runOnlyForDeploymentPostprocessing = 0;
		};
/* End PBXSourcesBuildPhase section */

/* Begin PBXVariantGroup section */
		CE23150025CBC5CC005EBF76 /* Main.storyboard */ = {
			isa = PBXVariantGroup;
			children = (
				CE23150125CBC5CC005EBF76 /* Base */,
			);
			name = Main.storyboard;
			sourceTree = "<group>";
		};
		CE23150525CBC5CD005EBF76 /* LaunchScreen.storyboard */ = {
			isa = PBXVariantGroup;
			children = (
				CE23150625CBC5CD005EBF76 /* Base */,
			);
			name = LaunchScreen.storyboard;
			sourceTree = "<group>";
		};
/* End PBXVariantGroup section */

/* Begin XCBuildConfiguration section */
		CE23150925CBC5CD005EBF76 /* Debug */ = {
			isa = XCBuildConfiguration;
			buildSettings = {
				ALWAYS_SEARCH_USER_PATHS = NO;
				CLANG_ANALYZER_NONNULL = YES;
				CLANG_ANALYZER_NUMBER_OBJECT_CONVERSION = YES_AGGRESSIVE;
				CLANG_CXX_LANGUAGE_STANDARD = "gnu++14";
				CLANG_CXX_LIBRARY = "libc++";
				CLANG_ENABLE_MODULES = YES;
				CLANG_ENABLE_OBJC_ARC = YES;
				CLANG_ENABLE_OBJC_WEAK = YES;
				CLANG_WARN_BLOCK_CAPTURE_AUTORELEASING = YES;
				CLANG_WARN_BOOL_CONVERSION = YES;
				CLANG_WARN_COMMA = YES;
				CLANG_WARN_CONSTANT_CONVERSION = YES;
				CLANG_WARN_DEPRECATED_OBJC_IMPLEMENTATIONS = YES;
				CLANG_WARN_DIRECT_OBJC_ISA_USAGE = YES_ERROR;
				CLANG_WARN_DOCUMENTATION_COMMENTS = YES;
				CLANG_WARN_EMPTY_BODY = YES;
				CLANG_WARN_ENUM_CONVERSION = YES;
				CLANG_WARN_INFINITE_RECURSION = YES;
				CLANG_WARN_INT_CONVERSION = YES;
				CLANG_WARN_NON_LITERAL_NULL_CONVERSION = YES;
				CLANG_WARN_OBJC_IMPLICIT_RETAIN_SELF = YES;
				CLANG_WARN_OBJC_LITERAL_CONVERSION = YES;
				CLANG_WARN_OBJC_ROOT_CLASS = YES_ERROR;
				CLANG_WARN_RANGE_LOOP_ANALYSIS = YES;
				CLANG_WARN_STRICT_PROTOTYPES = YES;
				CLANG_WARN_SUSPICIOUS_MOVE = YES;
				CLANG_WARN_UNGUARDED_AVAILABILITY = YES_AGGRESSIVE;
				CLANG_WARN_UNREACHABLE_CODE = YES;
				CLANG_WARN__DUPLICATE_METHOD_MATCH = YES;
				COPY_PHASE_STRIP = NO;
				DEBUG_INFORMATION_FORMAT = dwarf;
				ENABLE_STRICT_OBJC_MSGSEND = YES;
				ENABLE_TESTABILITY = YES;
				GCC_C_LANGUAGE_STANDARD = gnu11;
				GCC_DYNAMIC_NO_PIC = NO;
				GCC_NO_COMMON_BLOCKS = YES;
				GCC_OPTIMIZATION_LEVEL = 0;
				GCC_PREPROCESSOR_DEFINITIONS = (
					"DEBUG=1",
					"$(inherited)",
				);
				GCC_WARN_64_TO_32_BIT_CONVERSION = YES;
				GCC_WARN_ABOUT_RETURN_TYPE = YES_ERROR;
				GCC_WARN_UNDECLARED_SELECTOR = YES;
				GCC_WARN_UNINITIALIZED_AUTOS = YES_AGGRESSIVE;
				GCC_WARN_UNUSED_FUNCTION = YES;
				GCC_WARN_UNUSED_VARIABLE = YES;
				IPHONEOS_DEPLOYMENT_TARGET = 13.2;
				MTL_ENABLE_DEBUG_INFO = INCLUDE_SOURCE;
				MTL_FAST_MATH = YES;
				ONLY_ACTIVE_ARCH = YES;
				SDKROOT = iphoneos;
				SWIFT_ACTIVE_COMPILATION_CONDITIONS = DEBUG;
				SWIFT_OPTIMIZATION_LEVEL = "-Onone";
			};
			name = Debug;
		};
		CE23150A25CBC5CD005EBF76 /* Release */ = {
			isa = XCBuildConfiguration;
			buildSettings = {
				ALWAYS_SEARCH_USER_PATHS = NO;
				CLANG_ANALYZER_NONNULL = YES;
				CLANG_ANALYZER_NUMBER_OBJECT_CONVERSION = YES_AGGRESSIVE;
				CLANG_CXX_LANGUAGE_STANDARD = "gnu++14";
				CLANG_CXX_LIBRARY = "libc++";
				CLANG_ENABLE_MODULES = YES;
				CLANG_ENABLE_OBJC_ARC = YES;
				CLANG_ENABLE_OBJC_WEAK = YES;
				CLANG_WARN_BLOCK_CAPTURE_AUTORELEASING = YES;
				CLANG_WARN_BOOL_CONVERSION = YES;
				CLANG_WARN_COMMA = YES;
				CLANG_WARN_CONSTANT_CONVERSION = YES;
				CLANG_WARN_DEPRECATED_OBJC_IMPLEMENTATIONS = YES;
				CLANG_WARN_DIRECT_OBJC_ISA_USAGE = YES_ERROR;
				CLANG_WARN_DOCUMENTATION_COMMENTS = YES;
				CLANG_WARN_EMPTY_BODY = YES;
				CLANG_WARN_ENUM_CONVERSION = YES;
				CLANG_WARN_INFINITE_RECURSION = YES;
				CLANG_WARN_INT_CONVERSION = YES;
				CLANG_WARN_NON_LITERAL_NULL_CONVERSION = YES;
				CLANG_WARN_OBJC_IMPLICIT_RETAIN_SELF = YES;
				CLANG_WARN_OBJC_LITERAL_CONVERSION = YES;
				CLANG_WARN_OBJC_ROOT_CLASS = YES_ERROR;
				CLANG_WARN_RANGE_LOOP_ANALYSIS = YES;
				CLANG_WARN_STRICT_PROTOTYPES = YES;
				CLANG_WARN_SUSPICIOUS_MOVE = YES;
				CLANG_WARN_UNGUARDED_AVAILABILITY = YES_AGGRESSIVE;
				CLANG_WARN_UNREACHABLE_CODE = YES;
				CLANG_WARN__DUPLICATE_METHOD_MATCH = YES;
				COPY_PHASE_STRIP = NO;
				DEBUG_INFORMATION_FORMAT = "dwarf-with-dsym";
				ENABLE_NS_ASSERTIONS = NO;
				ENABLE_STRICT_OBJC_MSGSEND = YES;
				GCC_C_LANGUAGE_STANDARD = gnu11;
				GCC_NO_COMMON_BLOCKS = YES;
				GCC_WARN_64_TO_32_BIT_CONVERSION = YES;
				GCC_WARN_ABOUT_RETURN_TYPE = YES_ERROR;
				GCC_WARN_UNDECLARED_SELECTOR = YES;
				GCC_WARN_UNINITIALIZED_AUTOS = YES_AGGRESSIVE;
				GCC_WARN_UNUSED_FUNCTION = YES;
				GCC_WARN_UNUSED_VARIABLE = YES;
				IPHONEOS_DEPLOYMENT_TARGET = 13.2;
				MTL_ENABLE_DEBUG_INFO = NO;
				MTL_FAST_MATH = YES;
				SDKROOT = iphoneos;
				SWIFT_COMPILATION_MODE = wholemodule;
				SWIFT_OPTIMIZATION_LEVEL = "-O";
				VALIDATE_PRODUCT = YES;
			};
			name = Release;
		};
		CE23150C25CBC5CD005EBF76 /* Debug */ = {
			isa = XCBuildConfiguration;
			baseConfigurationReference = B9A416879844A69BB4210EB3 /* Pods-Pryaniky.debug.xcconfig */;
			buildSettings = {
				ASSETCATALOG_COMPILER_APPICON_NAME = AppIcon;
				CODE_SIGN_STYLE = Automatic;
				DEVELOPMENT_TEAM = 2PQNZ2TUC3;
				INFOPLIST_FILE = Pryaniky/Info.plist;
				IPHONEOS_DEPLOYMENT_TARGET = 11.0;
				LD_RUNPATH_SEARCH_PATHS = (
					"$(inherited)",
					"@executable_path/Frameworks",
				);
				PRODUCT_BUNDLE_IDENTIFIER = com.ulkoart.Pryaniky;
				PRODUCT_NAME = "$(TARGET_NAME)";
				SWIFT_VERSION = 4.2;
				TARGETED_DEVICE_FAMILY = 1;
			};
			name = Debug;
		};
		CE23150D25CBC5CD005EBF76 /* Release */ = {
			isa = XCBuildConfiguration;
			baseConfigurationReference = 7DE2652B6CDD9F453E0E58CB /* Pods-Pryaniky.release.xcconfig */;
			buildSettings = {
				ASSETCATALOG_COMPILER_APPICON_NAME = AppIcon;
				CODE_SIGN_STYLE = Automatic;
				DEVELOPMENT_TEAM = 2PQNZ2TUC3;
				INFOPLIST_FILE = Pryaniky/Info.plist;
				IPHONEOS_DEPLOYMENT_TARGET = 11.0;
				LD_RUNPATH_SEARCH_PATHS = (
					"$(inherited)",
					"@executable_path/Frameworks",
				);
				PRODUCT_BUNDLE_IDENTIFIER = com.ulkoart.Pryaniky;
				PRODUCT_NAME = "$(TARGET_NAME)";
				SWIFT_VERSION = 4.2;
				TARGETED_DEVICE_FAMILY = 1;
			};
			name = Release;
		};
/* End XCBuildConfiguration section */

/* Begin XCConfigurationList section */
		CE2314F225CBC5CB005EBF76 /* Build configuration list for PBXProject "Pryaniky" */ = {
			isa = XCConfigurationList;
			buildConfigurations = (
				CE23150925CBC5CD005EBF76 /* Debug */,
				CE23150A25CBC5CD005EBF76 /* Release */,
			);
			defaultConfigurationIsVisible = 0;
			defaultConfigurationName = Release;
		};
		CE23150B25CBC5CD005EBF76 /* Build configuration list for PBXNativeTarget "Pryaniky" */ = {
			isa = XCConfigurationList;
			buildConfigurations = (
				CE23150C25CBC5CD005EBF76 /* Debug */,
				CE23150D25CBC5CD005EBF76 /* Release */,
			);
			defaultConfigurationIsVisible = 0;
			defaultConfigurationName = Release;
		};
/* End XCConfigurationList section */
	};
	rootObject = CE2314EF25CBC5CB005EBF76 /* Project object */;
}
